// !$*UTF8*$!
{
	archiveVersion = 1;
	classes = {
	};
	objectVersion = 56;
	objects = {

/* Begin PBXBuildFile section */
		6A1D4F9C2CDA553A009E62B4 /* AppDelegate.swift in Sources */ = {isa = PBXBuildFile; fileRef = 6A1D4F9B2CDA553A009E62B4 /* AppDelegate.swift */; };
		6A1D4F9E2CDA553A009E62B4 /* SceneDelegate.swift in Sources */ = {isa = PBXBuildFile; fileRef = 6A1D4F9D2CDA553A009E62B4 /* SceneDelegate.swift */; };
		6A1D4FA02CDA553A009E62B4 /* ViewController.swift in Sources */ = {isa = PBXBuildFile; fileRef = 6A1D4F9F2CDA553A009E62B4 /* ViewController.swift */; };
		6A1D4FA32CDA553A009E62B4 /* Main.storyboard in Resources */ = {isa = PBXBuildFile; fileRef = 6A1D4FA12CDA553A009E62B4 /* Main.storyboard */; };
		6A1D4FA62CDA553A009E62B4 /* DamLeaders.xcdatamodeld in Sources */ = {isa = PBXBuildFile; fileRef = 6A1D4FA42CDA553A009E62B4 /* DamLeaders.xcdatamodeld */; };
		6A1D4FA82CDA553B009E62B4 /* Assets.xcassets in Resources */ = {isa = PBXBuildFile; fileRef = 6A1D4FA72CDA553B009E62B4 /* Assets.xcassets */; };
		6A1D4FAB2CDA553B009E62B4 /* LaunchScreen.storyboard in Resources */ = {isa = PBXBuildFile; fileRef = 6A1D4FA92CDA553B009E62B4 /* LaunchScreen.storyboard */; };
		6A1D4FDE2CDA72C0009E62B4 /* LoginViewController.swift in Sources */ = {isa = PBXBuildFile; fileRef = 6A1D4FDD2CDA72C0009E62B4 /* LoginViewController.swift */; };
		6A25D14C2CDA81B50067384C /* SignUpViewController.swift in Sources */ = {isa = PBXBuildFile; fileRef = 6A25D14B2CDA81B50067384C /* SignUpViewController.swift */; };
		6A25D14E2CDA8A840067384C /* ForgotPasswordViewController.swift in Sources */ = {isa = PBXBuildFile; fileRef = 6A25D14D2CDA8A840067384C /* ForgotPasswordViewController.swift */; };
		6A25D1502CDA99FF0067384C /* OtpViewController.swift in Sources */ = {isa = PBXBuildFile; fileRef = 6A25D14F2CDA99FF0067384C /* OtpViewController.swift */; };
		6A25D1522CDA9AD20067384C /* ResetPasswordViewController.swift in Sources */ = {isa = PBXBuildFile; fileRef = 6A25D1512CDA9AD20067384C /* ResetPasswordViewController.swift */; };
		6A4D7E2A2CDD88F100F682BA /* changePasswordViewController.swift in Sources */ = {isa = PBXBuildFile; fileRef = 6A4D7E292CDD88F100F682BA /* changePasswordViewController.swift */; };
		6A4D7E2C2CDDA6AA00F682BA /* TermsAndConditionsViewController.swift in Sources */ = {isa = PBXBuildFile; fileRef = 6A4D7E2B2CDDA6AA00F682BA /* TermsAndConditionsViewController.swift */; };
		9418D6BE2CDD1D890070FF44 /* HomeViewController.swift in Sources */ = {isa = PBXBuildFile; fileRef = 9418D6BD2CDD1D890070FF44 /* HomeViewController.swift */; };
		EC5B068F2CE39D70004FE8D3 /* ProfileView.swift in Sources */ = {isa = PBXBuildFile; fileRef = EC5B068E2CE39D70004FE8D3 /* ProfileView.swift */; };
		EC6F50BC2CE53DF8007717C3 /* ChangepasswordView.swift in Sources */ = {isa = PBXBuildFile; fileRef = EC6F50BB2CE53DF8007717C3 /* ChangepasswordView.swift */; };
		EC98CC702CE23E3500C671EC /* Home.swift in Sources */ = {isa = PBXBuildFile; fileRef = EC98CC6F2CE23E3500C671EC /* Home.swift */; };
		EC98CC7A2CE243AE00C671EC /* video2.mp4 in Resources */ = {isa = PBXBuildFile; fileRef = EC98CC772CE243AE00C671EC /* video2.mp4 */; };
		EC98CC7B2CE243AE00C671EC /* video1.mp4 in Resources */ = {isa = PBXBuildFile; fileRef = EC98CC782CE243AE00C671EC /* video1.mp4 */; };
		EC98CC7C2CE243AE00C671EC /* video3.mp4 in Resources */ = {isa = PBXBuildFile; fileRef = EC98CC792CE243AE00C671EC /* video3.mp4 */; };
		ECCA6AA02CE4F4D40053D4B3 /* Settings.swift in Sources */ = {isa = PBXBuildFile; fileRef = ECCA6A9F2CE4F4D40053D4B3 /* Settings.swift */; };
		ECCA6AA22CE4FDEA0053D4B3 /* Color+Extensions.swift in Sources */ = {isa = PBXBuildFile; fileRef = ECCA6AA12CE4FDEA0053D4B3 /* Color+Extensions.swift */; };
/* End PBXBuildFile section */

/* Begin PBXFileReference section */
		6A1D4F982CDA553A009E62B4 /* DamLeaders.app */ = {isa = PBXFileReference; explicitFileType = wrapper.application; includeInIndex = 0; path = DamLeaders.app; sourceTree = BUILT_PRODUCTS_DIR; };
		6A1D4F9B2CDA553A009E62B4 /* AppDelegate.swift */ = {isa = PBXFileReference; lastKnownFileType = sourcecode.swift; path = AppDelegate.swift; sourceTree = "<group>"; };
		6A1D4F9D2CDA553A009E62B4 /* SceneDelegate.swift */ = {isa = PBXFileReference; lastKnownFileType = sourcecode.swift; path = SceneDelegate.swift; sourceTree = "<group>"; };
		6A1D4F9F2CDA553A009E62B4 /* ViewController.swift */ = {isa = PBXFileReference; lastKnownFileType = sourcecode.swift; path = ViewController.swift; sourceTree = "<group>"; };
		6A1D4FA22CDA553A009E62B4 /* Base */ = {isa = PBXFileReference; lastKnownFileType = file.storyboard; name = Base; path = Base.lproj/Main.storyboard; sourceTree = "<group>"; };
		6A1D4FA52CDA553A009E62B4 /* DamLeaders.xcdatamodel */ = {isa = PBXFileReference; lastKnownFileType = wrapper.xcdatamodel; path = DamLeaders.xcdatamodel; sourceTree = "<group>"; };
		6A1D4FA72CDA553B009E62B4 /* Assets.xcassets */ = {isa = PBXFileReference; lastKnownFileType = folder.assetcatalog; path = Assets.xcassets; sourceTree = "<group>"; };
		6A1D4FAA2CDA553B009E62B4 /* Base */ = {isa = PBXFileReference; lastKnownFileType = file.storyboard; name = Base; path = Base.lproj/LaunchScreen.storyboard; sourceTree = "<group>"; };
		6A1D4FAC2CDA553B009E62B4 /* Info.plist */ = {isa = PBXFileReference; lastKnownFileType = text.plist.xml; path = Info.plist; sourceTree = "<group>"; };
		6A1D4FDD2CDA72C0009E62B4 /* LoginViewController.swift */ = {isa = PBXFileReference; lastKnownFileType = sourcecode.swift; path = LoginViewController.swift; sourceTree = "<group>"; };
		6A25D14B2CDA81B50067384C /* SignUpViewController.swift */ = {isa = PBXFileReference; lastKnownFileType = sourcecode.swift; path = SignUpViewController.swift; sourceTree = "<group>"; };
		6A25D14D2CDA8A840067384C /* ForgotPasswordViewController.swift */ = {isa = PBXFileReference; lastKnownFileType = sourcecode.swift; path = ForgotPasswordViewController.swift; sourceTree = "<group>"; };
		6A25D14F2CDA99FF0067384C /* OtpViewController.swift */ = {isa = PBXFileReference; lastKnownFileType = sourcecode.swift; path = OtpViewController.swift; sourceTree = "<group>"; };
		6A25D1512CDA9AD20067384C /* ResetPasswordViewController.swift */ = {isa = PBXFileReference; lastKnownFileType = sourcecode.swift; path = ResetPasswordViewController.swift; sourceTree = "<group>"; };
		6A4D7E292CDD88F100F682BA /* changePasswordViewController.swift */ = {isa = PBXFileReference; lastKnownFileType = sourcecode.swift; path = changePasswordViewController.swift; sourceTree = "<group>"; };
		6A4D7E2B2CDDA6AA00F682BA /* TermsAndConditionsViewController.swift */ = {isa = PBXFileReference; lastKnownFileType = sourcecode.swift; path = TermsAndConditionsViewController.swift; sourceTree = "<group>"; };
		9418D6BD2CDD1D890070FF44 /* HomeViewController.swift */ = {isa = PBXFileReference; lastKnownFileType = sourcecode.swift; path = HomeViewController.swift; sourceTree = "<group>"; };
		EC5B068E2CE39D70004FE8D3 /* ProfileView.swift */ = {isa = PBXFileReference; lastKnownFileType = sourcecode.swift; path = ProfileView.swift; sourceTree = "<group>"; };
		EC6F50BB2CE53DF8007717C3 /* ChangepasswordView.swift */ = {isa = PBXFileReference; lastKnownFileType = sourcecode.swift; path = ChangepasswordView.swift; sourceTree = "<group>"; };
		EC98CC6F2CE23E3500C671EC /* Home.swift */ = {isa = PBXFileReference; lastKnownFileType = sourcecode.swift; path = Home.swift; sourceTree = "<group>"; };
		EC98CC772CE243AE00C671EC /* video2.mp4 */ = {isa = PBXFileReference; lastKnownFileType = file; name = video2.mp4; path = "../wetransfer_v10025g50000cbtqk9bc77ucsg2jjrq0-mp4_2024-11-11_1335/video2.mp4"; sourceTree = "<group>"; };
		EC98CC782CE243AE00C671EC /* video1.mp4 */ = {isa = PBXFileReference; lastKnownFileType = file; name = video1.mp4; path = "../wetransfer_v10025g50000cbtqk9bc77ucsg2jjrq0-mp4_2024-11-11_1335/video1.mp4"; sourceTree = "<group>"; };
		EC98CC792CE243AE00C671EC /* video3.mp4 */ = {isa = PBXFileReference; lastKnownFileType = file; name = video3.mp4; path = "../wetransfer_v10025g50000cbtqk9bc77ucsg2jjrq0-mp4_2024-11-11_1335/video3.mp4"; sourceTree = "<group>"; };
		ECCA6A9F2CE4F4D40053D4B3 /* Settings.swift */ = {isa = PBXFileReference; lastKnownFileType = sourcecode.swift; path = Settings.swift; sourceTree = "<group>"; };
		ECCA6AA12CE4FDEA0053D4B3 /* Color+Extensions.swift */ = {isa = PBXFileReference; lastKnownFileType = sourcecode.swift; path = "Color+Extensions.swift"; sourceTree = "<group>"; };
/* End PBXFileReference section */

/* Begin PBXFrameworksBuildPhase section */
		6A1D4F952CDA553A009E62B4 /* Frameworks */ = {
			isa = PBXFrameworksBuildPhase;
			buildActionMask = 2147483647;
			files = (
			);
			runOnlyForDeploymentPostprocessing = 0;
		};
/* End PBXFrameworksBuildPhase section */

/* Begin PBXGroup section */
		6A1D4F8F2CDA553A009E62B4 = {
			isa = PBXGroup;
			children = (
				EC98CC782CE243AE00C671EC /* video1.mp4 */,
				EC98CC772CE243AE00C671EC /* video2.mp4 */,
				EC98CC792CE243AE00C671EC /* video3.mp4 */,
				6A1D4F9A2CDA553A009E62B4 /* DamLeaders */,
				6A1D4F992CDA553A009E62B4 /* Products */,
			);
			sourceTree = "<group>";
		};
		6A1D4F992CDA553A009E62B4 /* Products */ = {
			isa = PBXGroup;
			children = (
				6A1D4F982CDA553A009E62B4 /* DamLeaders.app */,
			);
			name = Products;
			sourceTree = "<group>";
		};
		6A1D4F9A2CDA553A009E62B4 /* DamLeaders */ = {
			isa = PBXGroup;
			children = (
				6A1D4F9B2CDA553A009E62B4 /* AppDelegate.swift */,
				6A1D4F9D2CDA553A009E62B4 /* SceneDelegate.swift */,
				6A1D4F9F2CDA553A009E62B4 /* ViewController.swift */,
				6A1D4FA12CDA553A009E62B4 /* Main.storyboard */,
				6A1D4FA72CDA553B009E62B4 /* Assets.xcassets */,
				6A1D4FA92CDA553B009E62B4 /* LaunchScreen.storyboard */,
				6A1D4FAC2CDA553B009E62B4 /* Info.plist */,
				6A1D4FA42CDA553A009E62B4 /* DamLeaders.xcdatamodeld */,
				6A1D4FDD2CDA72C0009E62B4 /* LoginViewController.swift */,
				6A25D14B2CDA81B50067384C /* SignUpViewController.swift */,
				6A25D14D2CDA8A840067384C /* ForgotPasswordViewController.swift */,
				6A25D14F2CDA99FF0067384C /* OtpViewController.swift */,
				6A25D1512CDA9AD20067384C /* ResetPasswordViewController.swift */,
				9418D6BD2CDD1D890070FF44 /* HomeViewController.swift */,
				6A4D7E292CDD88F100F682BA /* changePasswordViewController.swift */,
				6A4D7E2B2CDDA6AA00F682BA /* TermsAndConditionsViewController.swift */,
				EC98CC6F2CE23E3500C671EC /* Home.swift */,
				EC5B068E2CE39D70004FE8D3 /* ProfileView.swift */,
				ECCA6A9F2CE4F4D40053D4B3 /* Settings.swift */,
				ECCA6AA12CE4FDEA0053D4B3 /* Color+Extensions.swift */,
				EC6F50BB2CE53DF8007717C3 /* ChangepasswordView.swift */,
			);
			path = DamLeaders;
			sourceTree = "<group>";
		};
/* End PBXGroup section */

/* Begin PBXNativeTarget section */
		6A1D4F972CDA553A009E62B4 /* DamLeaders */ = {
			isa = PBXNativeTarget;
			buildConfigurationList = 6A1D4FAF2CDA553B009E62B4 /* Build configuration list for PBXNativeTarget "DamLeaders" */;
			buildPhases = (
				6A1D4F942CDA553A009E62B4 /* Sources */,
				6A1D4F952CDA553A009E62B4 /* Frameworks */,
				6A1D4F962CDA553A009E62B4 /* Resources */,
			);
			buildRules = (
			);
			dependencies = (
			);
			name = DamLeaders;
			productName = DamLeaders;
			productReference = 6A1D4F982CDA553A009E62B4 /* DamLeaders.app */;
			productType = "com.apple.product-type.application";
		};
/* End PBXNativeTarget section */

/* Begin PBXProject section */
		6A1D4F902CDA553A009E62B4 /* Project object */ = {
			isa = PBXProject;
			attributes = {
				BuildIndependentTargetsInParallel = 1;
				LastSwiftUpdateCheck = 1410;
				LastUpgradeCheck = 1410;
				TargetAttributes = {
					6A1D4F972CDA553A009E62B4 = {
						CreatedOnToolsVersion = 14.1;
					};
				};
			};
			buildConfigurationList = 6A1D4F932CDA553A009E62B4 /* Build configuration list for PBXProject "DamLeaders" */;
			compatibilityVersion = "Xcode 14.0";
			developmentRegion = en;
			hasScannedForEncodings = 0;
			knownRegions = (
				en,
				Base,
			);
			mainGroup = 6A1D4F8F2CDA553A009E62B4;
			productRefGroup = 6A1D4F992CDA553A009E62B4 /* Products */;
			projectDirPath = "";
			projectRoot = "";
			targets = (
				6A1D4F972CDA553A009E62B4 /* DamLeaders */,
			);
		};
/* End PBXProject section */

/* Begin PBXResourcesBuildPhase section */
		6A1D4F962CDA553A009E62B4 /* Resources */ = {
			isa = PBXResourcesBuildPhase;
			buildActionMask = 2147483647;
			files = (
				EC98CC7A2CE243AE00C671EC /* video2.mp4 in Resources */,
				EC98CC7B2CE243AE00C671EC /* video1.mp4 in Resources */,
				EC98CC7C2CE243AE00C671EC /* video3.mp4 in Resources */,
				6A1D4FAB2CDA553B009E62B4 /* LaunchScreen.storyboard in Resources */,
				6A1D4FA82CDA553B009E62B4 /* Assets.xcassets in Resources */,
				6A1D4FA32CDA553A009E62B4 /* Main.storyboard in Resources */,
			);
			runOnlyForDeploymentPostprocessing = 0;
		};
/* End PBXResourcesBuildPhase section */

/* Begin PBXSourcesBuildPhase section */
		6A1D4F942CDA553A009E62B4 /* Sources */ = {
			isa = PBXSourcesBuildPhase;
			buildActionMask = 2147483647;
			files = (
				6A25D1522CDA9AD20067384C /* ResetPasswordViewController.swift in Sources */,
				6A25D14C2CDA81B50067384C /* SignUpViewController.swift in Sources */,
				6A25D14E2CDA8A840067384C /* ForgotPasswordViewController.swift in Sources */,
				6A1D4FA02CDA553A009E62B4 /* ViewController.swift in Sources */,
				6A1D4FA62CDA553A009E62B4 /* DamLeaders.xcdatamodeld in Sources */,
				9418D6BE2CDD1D890070FF44 /* HomeViewController.swift in Sources */,
				EC98CC702CE23E3500C671EC /* Home.swift in Sources */,
				6A25D1502CDA99FF0067384C /* OtpViewController.swift in Sources */,
				6A1D4F9C2CDA553A009E62B4 /* AppDelegate.swift in Sources */,
				ECCA6AA02CE4F4D40053D4B3 /* Settings.swift in Sources */,
				6A4D7E2C2CDDA6AA00F682BA /* TermsAndConditionsViewController.swift in Sources */,
				ECCA6AA22CE4FDEA0053D4B3 /* Color+Extensions.swift in Sources */,
				6A1D4FDE2CDA72C0009E62B4 /* LoginViewController.swift in Sources */,
				6A4D7E2A2CDD88F100F682BA /* changePasswordViewController.swift in Sources */,
				EC6F50BC2CE53DF8007717C3 /* ChangepasswordView.swift in Sources */,
				EC5B068F2CE39D70004FE8D3 /* ProfileView.swift in Sources */,
				6A1D4F9E2CDA553A009E62B4 /* SceneDelegate.swift in Sources */,
			);
			runOnlyForDeploymentPostprocessing = 0;
		};
/* End PBXSourcesBuildPhase section */

/* Begin PBXVariantGroup section */
		6A1D4FA12CDA553A009E62B4 /* Main.storyboard */ = {
			isa = PBXVariantGroup;
			children = (
				6A1D4FA22CDA553A009E62B4 /* Base */,
			);
			name = Main.storyboard;
			sourceTree = "<group>";
		};
		6A1D4FA92CDA553B009E62B4 /* LaunchScreen.storyboard */ = {
			isa = PBXVariantGroup;
			children = (
				6A1D4FAA2CDA553B009E62B4 /* Base */,
			);
			name = LaunchScreen.storyboard;
			sourceTree = "<group>";
		};
/* End PBXVariantGroup section */

/* Begin XCBuildConfiguration section */
		6A1D4FAD2CDA553B009E62B4 /* Debug */ = {
			isa = XCBuildConfiguration;
			buildSettings = {
				ALWAYS_SEARCH_USER_PATHS = NO;
				CLANG_ANALYZER_NONNULL = YES;
				CLANG_ANALYZER_NUMBER_OBJECT_CONVERSION = YES_AGGRESSIVE;
				CLANG_CXX_LANGUAGE_STANDARD = "gnu++20";
				CLANG_ENABLE_MODULES = YES;
				CLANG_ENABLE_OBJC_ARC = YES;
				CLANG_ENABLE_OBJC_WEAK = YES;
				CLANG_WARN_BLOCK_CAPTURE_AUTORELEASING = YES;
				CLANG_WARN_BOOL_CONVERSION = YES;
				CLANG_WARN_COMMA = YES;
				CLANG_WARN_CONSTANT_CONVERSION = YES;
				CLANG_WARN_DEPRECATED_OBJC_IMPLEMENTATIONS = YES;
				CLANG_WARN_DIRECT_OBJC_ISA_USAGE = YES_ERROR;
				CLANG_WARN_DOCUMENTATION_COMMENTS = YES;
				CLANG_WARN_EMPTY_BODY = YES;
				CLANG_WARN_ENUM_CONVERSION = YES;
				CLANG_WARN_INFINITE_RECURSION = YES;
				CLANG_WARN_INT_CONVERSION = YES;
				CLANG_WARN_NON_LITERAL_NULL_CONVERSION = YES;
				CLANG_WARN_OBJC_IMPLICIT_RETAIN_SELF = YES;
				CLANG_WARN_OBJC_LITERAL_CONVERSION = YES;
				CLANG_WARN_OBJC_ROOT_CLASS = YES_ERROR;
				CLANG_WARN_QUOTED_INCLUDE_IN_FRAMEWORK_HEADER = YES;
				CLANG_WARN_RANGE_LOOP_ANALYSIS = YES;
				CLANG_WARN_STRICT_PROTOTYPES = YES;
				CLANG_WARN_SUSPICIOUS_MOVE = YES;
				CLANG_WARN_UNGUARDED_AVAILABILITY = YES_AGGRESSIVE;
				CLANG_WARN_UNREACHABLE_CODE = YES;
				CLANG_WARN__DUPLICATE_METHOD_MATCH = YES;
				COPY_PHASE_STRIP = NO;
				DEBUG_INFORMATION_FORMAT = dwarf;
				ENABLE_STRICT_OBJC_MSGSEND = YES;
				ENABLE_TESTABILITY = YES;
				GCC_C_LANGUAGE_STANDARD = gnu11;
				GCC_DYNAMIC_NO_PIC = NO;
				GCC_NO_COMMON_BLOCKS = YES;
				GCC_OPTIMIZATION_LEVEL = 0;
				GCC_PREPROCESSOR_DEFINITIONS = (
					"DEBUG=1",
					"$(inherited)",
				);
				GCC_WARN_64_TO_32_BIT_CONVERSION = YES;
				GCC_WARN_ABOUT_RETURN_TYPE = YES_ERROR;
				GCC_WARN_UNDECLARED_SELECTOR = YES;
				GCC_WARN_UNINITIALIZED_AUTOS = YES_AGGRESSIVE;
				GCC_WARN_UNUSED_FUNCTION = YES;
				GCC_WARN_UNUSED_VARIABLE = YES;
				IPHONEOS_DEPLOYMENT_TARGET = 16.1;
				MTL_ENABLE_DEBUG_INFO = INCLUDE_SOURCE;
				MTL_FAST_MATH = YES;
				ONLY_ACTIVE_ARCH = YES;
				SDKROOT = iphoneos;
				SWIFT_ACTIVE_COMPILATION_CONDITIONS = DEBUG;
				SWIFT_OPTIMIZATION_LEVEL = "-Onone";
			};
			name = Debug;
		};
		6A1D4FAE2CDA553B009E62B4 /* Release */ = {
			isa = XCBuildConfiguration;
			buildSettings = {
				ALWAYS_SEARCH_USER_PATHS = NO;
				CLANG_ANALYZER_NONNULL = YES;
				CLANG_ANALYZER_NUMBER_OBJECT_CONVERSION = YES_AGGRESSIVE;
				CLANG_CXX_LANGUAGE_STANDARD = "gnu++20";
				CLANG_ENABLE_MODULES = YES;
				CLANG_ENABLE_OBJC_ARC = YES;
				CLANG_ENABLE_OBJC_WEAK = YES;
				CLANG_WARN_BLOCK_CAPTURE_AUTORELEASING = YES;
				CLANG_WARN_BOOL_CONVERSION = YES;
				CLANG_WARN_COMMA = YES;
				CLANG_WARN_CONSTANT_CONVERSION = YES;
				CLANG_WARN_DEPRECATED_OBJC_IMPLEMENTATIONS = YES;
				CLANG_WARN_DIRECT_OBJC_ISA_USAGE = YES_ERROR;
				CLANG_WARN_DOCUMENTATION_COMMENTS = YES;
				CLANG_WARN_EMPTY_BODY = YES;
				CLANG_WARN_ENUM_CONVERSION = YES;
				CLANG_WARN_INFINITE_RECURSION = YES;
				CLANG_WARN_INT_CONVERSION = YES;
				CLANG_WARN_NON_LITERAL_NULL_CONVERSION = YES;
				CLANG_WARN_OBJC_IMPLICIT_RETAIN_SELF = YES;
				CLANG_WARN_OBJC_LITERAL_CONVERSION = YES;
				CLANG_WARN_OBJC_ROOT_CLASS = YES_ERROR;
				CLANG_WARN_QUOTED_INCLUDE_IN_FRAMEWORK_HEADER = YES;
				CLANG_WARN_RANGE_LOOP_ANALYSIS = YES;
				CLANG_WARN_STRICT_PROTOTYPES = YES;
				CLANG_WARN_SUSPICIOUS_MOVE = YES;
				CLANG_WARN_UNGUARDED_AVAILABILITY = YES_AGGRESSIVE;
				CLANG_WARN_UNREACHABLE_CODE = YES;
				CLANG_WARN__DUPLICATE_METHOD_MATCH = YES;
				COPY_PHASE_STRIP = NO;
				DEBUG_INFORMATION_FORMAT = "dwarf-with-dsym";
				ENABLE_NS_ASSERTIONS = NO;
				ENABLE_STRICT_OBJC_MSGSEND = YES;
				GCC_C_LANGUAGE_STANDARD = gnu11;
				GCC_NO_COMMON_BLOCKS = YES;
				GCC_WARN_64_TO_32_BIT_CONVERSION = YES;
				GCC_WARN_ABOUT_RETURN_TYPE = YES_ERROR;
				GCC_WARN_UNDECLARED_SELECTOR = YES;
				GCC_WARN_UNINITIALIZED_AUTOS = YES_AGGRESSIVE;
				GCC_WARN_UNUSED_FUNCTION = YES;
				GCC_WARN_UNUSED_VARIABLE = YES;
				IPHONEOS_DEPLOYMENT_TARGET = 16.1;
				MTL_ENABLE_DEBUG_INFO = NO;
				MTL_FAST_MATH = YES;
				SDKROOT = iphoneos;
				SWIFT_COMPILATION_MODE = wholemodule;
				SWIFT_OPTIMIZATION_LEVEL = "-O";
				VALIDATE_PRODUCT = YES;
			};
			name = Release;
		};
		6A1D4FB02CDA553B009E62B4 /* Debug */ = {
			isa = XCBuildConfiguration;
			buildSettings = {
				ASSETCATALOG_COMPILER_APPICON_NAME = AppIcon;
				ASSETCATALOG_COMPILER_GLOBAL_ACCENT_COLOR_NAME = AccentColor;
				CODE_SIGN_STYLE = Automatic;
				CURRENT_PROJECT_VERSION = 1;
				GENERATE_INFOPLIST_FILE = YES;
				INFOPLIST_FILE = DamLeaders/Info.plist;
				INFOPLIST_KEY_UIApplicationSupportsIndirectInputEvents = YES;
				INFOPLIST_KEY_UILaunchStoryboardName = LaunchScreen;
				INFOPLIST_KEY_UIMainStoryboardFile = Main;
				INFOPLIST_KEY_UISupportedInterfaceOrientations_iPad = "UIInterfaceOrientationPortrait UIInterfaceOrientationPortraitUpsideDown UIInterfaceOrientationLandscapeLeft UIInterfaceOrientationLandscapeRight";
				INFOPLIST_KEY_UISupportedInterfaceOrientations_iPhone = "UIInterfaceOrientationPortrait UIInterfaceOrientationLandscapeLeft UIInterfaceOrientationLandscapeRight";
				LD_RUNPATH_SEARCH_PATHS = (
					"$(inherited)",
					"@executable_path/Frameworks",
				);
				MARKETING_VERSION = 1.0;
				PRODUCT_BUNDLE_IDENTIFIER = esprit.tn.DamLeaders;
				PRODUCT_NAME = "$(TARGET_NAME)";
				SWIFT_EMIT_LOC_STRINGS = YES;
				SWIFT_VERSION = 5.0;
				TARGETED_DEVICE_FAMILY = "1,2";
			};
			name = Debug;
		};
		6A1D4FB12CDA553B009E62B4 /* Release */ = {
			isa = XCBuildConfiguration;
			buildSettings = {
				ASSETCATALOG_COMPILER_APPICON_NAME = AppIcon;
				ASSETCATALOG_COMPILER_GLOBAL_ACCENT_COLOR_NAME = AccentColor;
				CODE_SIGN_STYLE = Automatic;
				CURRENT_PROJECT_VERSION = 1;
				GENERATE_INFOPLIST_FILE = YES;
				INFOPLIST_FILE = DamLeaders/Info.plist;
				INFOPLIST_KEY_UIApplicationSupportsIndirectInputEvents = YES;
				INFOPLIST_KEY_UILaunchStoryboardName = LaunchScreen;
				INFOPLIST_KEY_UIMainStoryboardFile = Main;
				INFOPLIST_KEY_UISupportedInterfaceOrientations_iPad = "UIInterfaceOrientationPortrait UIInterfaceOrientationPortraitUpsideDown UIInterfaceOrientationLandscapeLeft UIInterfaceOrientationLandscapeRight";
				INFOPLIST_KEY_UISupportedInterfaceOrientations_iPhone = "UIInterfaceOrientationPortrait UIInterfaceOrientationLandscapeLeft UIInterfaceOrientationLandscapeRight";
				LD_RUNPATH_SEARCH_PATHS = (
					"$(inherited)",
					"@executable_path/Frameworks",
				);
				MARKETING_VERSION = 1.0;
				PRODUCT_BUNDLE_IDENTIFIER = esprit.tn.DamLeaders;
				PRODUCT_NAME = "$(TARGET_NAME)";
				SWIFT_EMIT_LOC_STRINGS = YES;
				SWIFT_VERSION = 5.0;
				TARGETED_DEVICE_FAMILY = "1,2";
			};
			name = Release;
		};
/* End XCBuildConfiguration section */

/* Begin XCConfigurationList section */
		6A1D4F932CDA553A009E62B4 /* Build configuration list for PBXProject "DamLeaders" */ = {
			isa = XCConfigurationList;
			buildConfigurations = (
				6A1D4FAD2CDA553B009E62B4 /* Debug */,
				6A1D4FAE2CDA553B009E62B4 /* Release */,
			);
			defaultConfigurationIsVisible = 0;
			defaultConfigurationName = Release;
		};
		6A1D4FAF2CDA553B009E62B4 /* Build configuration list for PBXNativeTarget "DamLeaders" */ = {
			isa = XCConfigurationList;
			buildConfigurations = (
				6A1D4FB02CDA553B009E62B4 /* Debug */,
				6A1D4FB12CDA553B009E62B4 /* Release */,
			);
			defaultConfigurationIsVisible = 0;
			defaultConfigurationName = Release;
		};
/* End XCConfigurationList section */

/* Begin XCVersionGroup section */
		6A1D4FA42CDA553A009E62B4 /* DamLeaders.xcdatamodeld */ = {
			isa = XCVersionGroup;
			children = (
				6A1D4FA52CDA553A009E62B4 /* DamLeaders.xcdatamodel */,
			);
			currentVersion = 6A1D4FA52CDA553A009E62B4 /* DamLeaders.xcdatamodel */;
			path = DamLeaders.xcdatamodeld;
			sourceTree = "<group>";
			versionGroupType = wrapper.xcdatamodel;
		};
/* End XCVersionGroup section */
	};
	rootObject = 6A1D4F902CDA553A009E62B4 /* Project object */;
}
